{
  "name": "flowback",
  "version": "1.0.0",
  "lockfileVersion": 3,
  "requires": true,
  "packages": {
    "": {
      "name": "flowback",
      "version": "1.0.0",
      "license": "MIT",
      "devDependencies": {
        "@babel/core": "^7.23.0",
        "@babel/preset-env": "^7.23.0",
        "babel-jest": "^29.7.0",
        "eslint": "^8.50.0",
        "http-server": "^14.1.1",
        "jest": "^29.7.0",
        "jest-environment-jsdom": "^29.7.0"
      }
    },
    "node_modules/@babel/core": {
      "version": "7.23.9",
      "resolved": "https://registry.npmjs.org/@babel/core/-/core-7.23.9.tgz",
      "integrity": "sha512-5q0175NOjddqpvvzU+kDiSOAk4PfdO6FvwCWoQ6RO7rTzEe8vlo+4HVfcnAREhD4npMs0e9uZypjTwzZPCf/cw==",
      "dev": true
    },
    "node_modules/@babel/preset-env": {
      "version": "7.23.9",
      "resolved": "https://registry.npmjs.org/@babel/preset-env/-/preset-env-7.23.9.tgz",
      "integrity": "sha512-3kBGTNBBk9DQiPoXYS0g0BYlwTQYUTifqgKTjxUwEUkduRT2QOa0FPGBJ+NROQhGyYO5BuYgwNBfMg2kVgPP0A==",
      "dev": true
    },
    "node_modules/babel-jest": {
      "version": "29.7.0",
      "resolved": "https://registry.npmjs.org/babel-jest/-/babel-jest-29.7.0.tgz",
      "integrity": "sha512-BrvGY3xZSwEcCzKvKsCi2GgHqDqsYkOP4/by5xCgIwGXQxIEh+8ew3gmrE1y7XRR6LHZIj6yLYnUi/mm2KXKBg==",
      "dev": true
    },
    "node_modules/eslint": {
      "version": "8.57.0",
      "resolved": "https://registry.npmjs.org/eslint/-/eslint-8.57.0.tgz",
      "integrity": "sha512-dZ6+mexnaTIbSBZWgou51U6OmzIhYM2VcNdtiTtOqPNvi2+AGnWHdvABOpN5lGBY9KhR4lVu/G4AK1tA7p1jTw==",
      "dev": true
    },
    "node_modules/http-server": {
      "version": "14.1.1",
      "resolved": "https://registry.npmjs.org/http-server/-/http-server-14.1.1.tgz",
      "integrity": "sha512-+cbxadF40UXd9T01zUHgA+rlo2Bg1Srer4+B4NwIHdaGxAGGv59nYRnGGDJ9LBk7alpS0US+J+bLLdQOOkJq4A==",
      "dev": true
    },
    "node_modules/jest": {
      "version": "29.7.0",
      "resolved": "https://registry.npmjs.org/jest/-/jest-29.7.0.tgz",
      "integrity": "sha512-NIy3oAFp9shda19hy4HK0HRTWKtPJmGdnvywu01nOqNC2vZg+Z+fvJDxpMQA88eb2I9EcafcdjYgsDthnYTvGw==",
      "dev": true
    },
    "node_modules/jest-environment-jsdom": {
      "version": "29.7.0",
      "resolved": "https://registry.npmjs.org/jest-environment-jsdom/-/jest-environment-jsdom-29.7.0.tgz",
      "integrity": "sha512-k9iQbsf9OyOfdzWH8HDmrRT0gSIcX+FLNW7IQq94tFX0gynPwqDTW0Ho6iMVNjGz/nb+l/vW3dWM2bbLLpkbXA==",
      "dev": true
    }
  }
}